dependencies:
- name: docker-registry
  repository: https://helm.twun.io/
  version: 2.2.2
- name: minio
  repository: https://charts.bitnami.com/bitnami
  version: 12.6.7
- name: postgresql
  repository: https://charts.bitnami.com/bitnami
  version: 12.8.1
- name: flyte-binary
  repository: https://flyteorg.github.io/flyte
  version: v1.16.0
digest: sha256:dbf7f2ef217fb986f991a90e4861efc2d0da317a01f41aa6a9b1915a5cbd7441
generated: "2025-09-17T21:27:01.487046719+08:00"
