dependencies:
- name: nfs-subdir-external-provisioner
  repository: https://kubernetes-sigs.github.io/nfs-subdir-external-provisioner/
  version: 4.0.18
- name: minio
  repository: https://charts.min.io/
  version: 5.4.0
- name: flyte-binary
  repository: https://flyteorg.github.io/flyte
  version: v1.16.1
- name: mlflow
  repository: https://community-charts.github.io/helm-charts
  version: 1.7.3
digest: sha256:c8d591c68d05eead777698aa93ab603ae9370b4bb478d1c277fbd3275697804f
generated: "2025-10-30T07:57:44.744349185+08:00"
